
Microsoft Visual Studio Solution File, Format Version 12.00
# Visual Studio Version 17
VisualStudioVersion = 17.3.32929.385
MinimumVisualStudioVersion = 10.0.40219.1
Project("{2150E333-8FDC-42A3-9474-1A3956D46DE8}") = "PaymentsTrackerUI", "PaymentsTrackerUI", "{B5FA8768-5434-48CE-8F30-4335C5E33A8C}"
EndProject
Project("{9A19103F-16F7-4668-BE54-9A1E7A4F7556}") = "PaymentsTrackerUI", "PaymentsTrackerUI\PaymentsTrackerUI.csproj", "{F5AD5786-A966-40EF-990B-734B7ADF8CFE}"
EndProject
Global
	GlobalSection(SolutionConfigurationPlatforms) = preSolution
		Debug|Any CPU = Debug|Any CPU
		Release|Any CPU = Release|Any CPU
	EndGlobalSection
	GlobalSection(ProjectConfigurationPlatforms) = postSolution
		{F5AD5786-A966-40EF-990B-734B7ADF8CFE}.Debug|Any CPU.ActiveCfg = Debug|Any CPU
		{F5AD5786-A966-40EF-990B-734B7ADF8CFE}.Debug|Any CPU.Build.0 = Debug|Any CPU
		{F5AD5786-A966-40EF-990B-734B7ADF8CFE}.Release|Any CPU.ActiveCfg = Release|Any CPU
		{F5AD5786-A966-40EF-990B-734B7ADF8CFE}.Release|Any CPU.Build.0 = Release|Any CPU
	EndGlobalSection
	GlobalSection(SolutionProperties) = preSolution
		HideSolutionNode = FALSE
	EndGlobalSection
	GlobalSection(NestedProjects) = preSolution
		{F5AD5786-A966-40EF-990B-734B7ADF8CFE} = {B5FA8768-5434-48CE-8F30-4335C5E33A8C}
	EndGlobalSection
	GlobalSection(ExtensibilityGlobals) = postSolution
		SolutionGuid = {2CD70A3E-B00A-492E-ADC5-85706BC82FA0}
	EndGlobalSection
EndGlobal
